
Microsoft Visual Studio Solution File, Format Version 12.00
# Visual Studio 15
VisualStudioVersion = 15.0.28307.645
MinimumVisualStudioVersion = 10.0.40219.1
Project("{9A19103F-16F7-4668-BE54-9A1E7A4F7556}") = "NUnitTestingAssertAttributes", "NUnitTestingAttributes\NUnitTestingAssertAttributes.csproj", "{C8E35ABF-183D-4205-8D94-D4310C028388}"
EndProject
Global
	GlobalSection(SolutionConfigurationPlatforms) = preSolution
		Debug|Any CPU = Debug|Any CPU
		Release|Any CPU = Release|Any CPU
	EndGlobalSection
	GlobalSection(ProjectConfigurationPlatforms) = postSolution
		{C8E35ABF-183D-4205-8D94-D4310C028388}.Debug|Any CPU.ActiveCfg = Debug|Any CPU
		{C8E35ABF-183D-4205-8D94-D4310C028388}.Debug|Any CPU.Build.0 = Debug|Any CPU
		{C8E35ABF-183D-4205-8D94-D4310C028388}.Release|Any CPU.ActiveCfg = Release|Any CPU
		{C8E35ABF-183D-4205-8D94-D4310C028388}.Release|Any CPU.Build.0 = Release|Any CPU
	EndGlobalSection
	GlobalSection(SolutionProperties) = preSolution
		HideSolutionNode = FALSE
	EndGlobalSection
	GlobalSection(ExtensibilityGlobals) = postSolution
		SolutionGuid = {8E4171FD-43CD-497C-891C-531770349CF6}
	EndGlobalSection
EndGlobal
